
Microsoft Visual Studio Solution File, Format Version 12.00
# Visual Studio 2013
VisualStudioVersion = 12.0.30501.0
MinimumVisualStudioVersion = 10.0.40219.1
Project("{FAE04EC0-301F-11D3-BF4B-00C04F79EFBC}") = "GameSE2", "GameSE2\GameSE2.csproj", "{8A5053E2-7D88-48AC-BD2D-13A1B8D78EB9}"
EndProject
Global
	GlobalSection(SolutionConfigurationPlatforms) = preSolution
		Debug|Any CPU = Debug|Any CPU
		Release|Any CPU = Release|Any CPU
	EndGlobalSection
	GlobalSection(ProjectConfigurationPlatforms) = postSolution
		{8A5053E2-7D88-48AC-BD2D-13A1B8D78EB9}.Debug|Any CPU.ActiveCfg = Debug|Any CPU
		{8A5053E2-7D88-48AC-BD2D-13A1B8D78EB9}.Debug|Any CPU.Build.0 = Debug|Any CPU
		{8A5053E2-7D88-48AC-BD2D-13A1B8D78EB9}.Release|Any CPU.ActiveCfg = Release|Any CPU
		{8A5053E2-7D88-48AC-BD2D-13A1B8D78EB9}.Release|Any CPU.Build.0 = Release|Any CPU
	EndGlobalSection
	GlobalSection(SolutionProperties) = preSolution
		HideSolutionNode = FALSE
	EndGlobalSection
EndGlobal
